
Microsoft Visual Studio Solution File, Format Version 12.00
# Visual Studio 14
VisualStudioVersion = 14.0.25420.1
MinimumVisualStudioVersion = 10.0.40219.1
Project("{FAE04EC0-301F-11D3-BF4B-00C04F79EFBC}") = "Assignment Submission Tool", "Assignment Submission Tool\Assignment Submission Tool.csproj", "{7E01BE9D-5A87-42C5-B486-5A7783BE8DFC}"
EndProject
Project("{FAE04EC0-301F-11D3-BF4B-00C04F79EFBC}") = "Assignment Submission Tool.Tests", "Assignment Submission Tool.Tests\Assignment Submission Tool.Tests.csproj", "{E32BDA2D-778C-4255-A7C5-158E1F14FBC4}"
EndProject
Project("{FAE04EC0-301F-11D3-BF4B-00C04F79EFBC}") = "Assignment Submission Tool.Model", "Assignment Submission Tool.Model\Assignment Submission Tool.Model.csproj", "{53146D36-A6AA-4261-B7B8-1BF0E08A0C05}"
EndProject
Global
	GlobalSection(SolutionConfigurationPlatforms) = preSolution
		Debug|Any CPU = Debug|Any CPU
		Release|Any CPU = Release|Any CPU
	EndGlobalSection
	GlobalSection(ProjectConfigurationPlatforms) = postSolution
		{7E01BE9D-5A87-42C5-B486-5A7783BE8DFC}.Debug|Any CPU.ActiveCfg = Debug|Any CPU
		{7E01BE9D-5A87-42C5-B486-5A7783BE8DFC}.Debug|Any CPU.Build.0 = Debug|Any CPU
		{7E01BE9D-5A87-42C5-B486-5A7783BE8DFC}.Release|Any CPU.ActiveCfg = Release|Any CPU
		{7E01BE9D-5A87-42C5-B486-5A7783BE8DFC}.Release|Any CPU.Build.0 = Release|Any CPU
		{E32BDA2D-778C-4255-A7C5-158E1F14FBC4}.Debug|Any CPU.ActiveCfg = Debug|Any CPU
		{E32BDA2D-778C-4255-A7C5-158E1F14FBC4}.Debug|Any CPU.Build.0 = Debug|Any CPU
		{E32BDA2D-778C-4255-A7C5-158E1F14FBC4}.Release|Any CPU.ActiveCfg = Release|Any CPU
		{E32BDA2D-778C-4255-A7C5-158E1F14FBC4}.Release|Any CPU.Build.0 = Release|Any CPU
		{53146D36-A6AA-4261-B7B8-1BF0E08A0C05}.Debug|Any CPU.ActiveCfg = Debug|Any CPU
		{53146D36-A6AA-4261-B7B8-1BF0E08A0C05}.Debug|Any CPU.Build.0 = Debug|Any CPU
		{53146D36-A6AA-4261-B7B8-1BF0E08A0C05}.Release|Any CPU.ActiveCfg = Release|Any CPU
		{53146D36-A6AA-4261-B7B8-1BF0E08A0C05}.Release|Any CPU.Build.0 = Release|Any CPU
	EndGlobalSection
	GlobalSection(SolutionProperties) = preSolution
		HideSolutionNode = FALSE
	EndGlobalSection
EndGlobal
